{
  "requires": true,
  "lockfileVersion": 1,
  "dependencies": {
    "@ckeditor/ckeditor5-adapter-ckfinder": {
      "version": "35.0.1",
      "resolved": "https://registry.npmjs.org/@ckeditor/ckeditor5-adapter-ckfinder/-/ckeditor5-adapter-ckfinder-35.0.1.tgz",
      "integrity": "sha512-TASf7EnSw0ndTwTGWUBsFz9lZpQvXeEv/8icGwwBOlDe5arj/v4Xk9kqyWysXi6Mv/PTEpVEXV8xrAPX7oHpbg==",
      "requires": {
        "ckeditor5": "^35.0.1"
      }
    },
    "@ckeditor/ckeditor5-autoformat": {
      "version": "35.0.1",
      "resolved": "https://registry.npmjs.org/@ckeditor/ckeditor5-autoformat/-/ckeditor5-autoformat-35.0.1.tgz",
      "integrity": "sha512-Q/dWKR3IASmlSRC7GY14hWJ6t1alKG5+9gPvGfF2qQhvKYkGdUEdvhiUs2xcvRuIOzR4nszYvy9Kj9j+NReBRQ==",
      "requires": {
        "ckeditor5": "^35.0.1"
      }
    },
    "@ckeditor/ckeditor5-basic-styles": {
      "version": "35.0.1",
      "resolved": "https://registry.npmjs.org/@ckeditor/ckeditor5-basic-styles/-/ckeditor5-basic-styles-35.0.1.tgz",
      "integrity": "sha512-Srg5Kbb5Gux+xTu24Wp+R/NbFUTM36bU/hgxSzfERvQgeDAp7TMdf2O/BCLrm6aTVHowgnUOFsH5PgnuG+rxsQ==",
      "requires": {
        "ckeditor5": "^35.0.1"
      }
    },
    "@ckeditor/ckeditor5-block-quote": {
      "version": "35.0.1",
      "resolved": "https://registry.npmjs.org/@ckeditor/ckeditor5-block-quote/-/ckeditor5-block-quote-35.0.1.tgz",
      "integrity": "sha512-s4ef9M/1SHAT2e0nK3AHSWmN8CpK5VUfYBa5hXey8QycTaLVxAbOs+jxki6+KJHlozikJ+BxXNj03CWROrR/Tw==",
      "requires": {
        "ckeditor5": "^35.0.1"
      }
    },
    "@ckeditor/ckeditor5-build-classic": {
      "version": "35.0.1",
      "resolved": "https://registry.npmjs.org/@ckeditor/ckeditor5-build-classic/-/ckeditor5-build-classic-35.0.1.tgz",
      "integrity": "sha512-CCkUe0kMfcTP5ctPO8VPC6tJFJsQOGeGi+Dw/YhOy02AYOPU/CVXiyGMVaJoF1V3InfuC/DGV2mx0cpNeP9Wvg==",
      "requires": {
        "@ckeditor/ckeditor5-adapter-ckfinder": "^35.0.1",
        "@ckeditor/ckeditor5-autoformat": "^35.0.1",
        "@ckeditor/ckeditor5-basic-styles": "^35.0.1",
        "@ckeditor/ckeditor5-block-quote": "^35.0.1",
        "@ckeditor/ckeditor5-ckbox": "^35.0.1",
        "@ckeditor/ckeditor5-ckfinder": "^35.0.1",
        "@ckeditor/ckeditor5-cloud-services": "^35.0.1",
        "@ckeditor/ckeditor5-easy-image": "^35.0.1",
        "@ckeditor/ckeditor5-editor-classic": "^35.0.1",
        "@ckeditor/ckeditor5-essentials": "^35.0.1",
        "@ckeditor/ckeditor5-heading": "^35.0.1",
        "@ckeditor/ckeditor5-image": "^35.0.1",
        "@ckeditor/ckeditor5-indent": "^35.0.1",
        "@ckeditor/ckeditor5-link": "^35.0.1",
        "@ckeditor/ckeditor5-list": "^35.0.1",
        "@ckeditor/ckeditor5-media-embed": "^35.0.1",
        "@ckeditor/ckeditor5-paragraph": "^35.0.1",
        "@ckeditor/ckeditor5-paste-from-office": "^35.0.1",
        "@ckeditor/ckeditor5-table": "^35.0.1",
        "@ckeditor/ckeditor5-typing": "^35.0.1"
      }
    },
    "@ckeditor/ckeditor5-ckbox": {
      "version": "35.0.1",
      "resolved": "https://registry.npmjs.org/@ckeditor/ckeditor5-ckbox/-/ckeditor5-ckbox-35.0.1.tgz",
      "integrity": "sha512-E0lYBPBMsOjYqEtBVlx6H47dHnnz9fcS6DvvXKs1Je8OKQNcEf/N8akGoD1lOx6E9C5zTrCln7UdY2JcIQhy+w==",
      "requires": {
        "ckeditor5": "^35.0.1"
      }
    },
    "@ckeditor/ckeditor5-ckfinder": {
      "version": "35.0.1",
      "resolved": "https://registry.npmjs.org/@ckeditor/ckeditor5-ckfinder/-/ckeditor5-ckfinder-35.0.1.tgz",
      "integrity": "sha512-Cy+esbIxhWJvEpls+FqNLqukQ6RKbFhqJPOfno6K9ePITImSu5H0bAMYYFgdiIQVduMuJzlpOrbUCJiU13GKFg==",
      "requires": {
        "ckeditor5": "^35.0.1"
      }
    },
    "@ckeditor/ckeditor5-clipboard": {
      "version": "35.0.1",
      "resolved": "https://registry.npmjs.org/@ckeditor/ckeditor5-clipboard/-/ckeditor5-clipboard-35.0.1.tgz",
      "integrity": "sha512-XHBnR+v+GLXondSrJdpTLT3++0++Ja5gNC2zKdpDx6ykayQVYF0Nry+XoXbbzffnXYnRrWzo++r32ngW39rFUQ==",
      "requires": {
        "@ckeditor/ckeditor5-core": "^35.0.1",
        "@ckeditor/ckeditor5-engine": "^35.0.1",
        "@ckeditor/ckeditor5-utils": "^35.0.1",
        "@ckeditor/ckeditor5-widget": "^35.0.1",
        "lodash-es": "^4.17.11"
      }
    },
    "@ckeditor/ckeditor5-cloud-services": {
      "version": "35.0.1",
      "resolved": "https://registry.npmjs.org/@ckeditor/ckeditor5-cloud-services/-/ckeditor5-cloud-services-35.0.1.tgz",
      "integrity": "sha512-/GXmhQ8/NHXv3V1Oh1MA/x9uKj1PrmC4CglE33mB9JfcL+y7gY0gRRjFykDXlijNhp5Ro1Av9OnHimXRHLYCUg==",
      "requires": {
        "ckeditor5": "^35.0.1"
      }
    },
    "@ckeditor/ckeditor5-core": {
      "version": "35.0.1",
      "resolved": "https://registry.npmjs.org/@ckeditor/ckeditor5-core/-/ckeditor5-core-35.0.1.tgz",
      "integrity": "sha512-yLX4WwyKjBbgINfl3wB8nyAtxclmP8FBVWunnHZ+YBq6KryB0uWcplP1Nomz/3uyask6k2YN/rSY0Lu9xJ9uyQ==",
      "requires": {
        "@ckeditor/ckeditor5-engine": "^35.0.1",
        "@ckeditor/ckeditor5-ui": "^35.0.1",
        "@ckeditor/ckeditor5-utils": "^35.0.1",
        "lodash-es": "^4.17.15"
      }
    },
    "@ckeditor/ckeditor5-easy-image": {
      "version": "35.0.1",
      "resolved": "https://registry.npmjs.org/@ckeditor/ckeditor5-easy-image/-/ckeditor5-easy-image-35.0.1.tgz",
      "integrity": "sha512-KVxc5MTkn+iSRKm8aUEilqAvwQnPQrpSUpvi13bgVIt/ueGQ/uCOYQRSEaCZbs9HWfEv/f/Q+WZ5hB+ocW57vg==",
      "requires": {
        "ckeditor5": "^35.0.1"
      }
    },
    "@ckeditor/ckeditor5-editor-classic": {
      "version": "35.0.1",
      "resolved": "https://registry.npmjs.org/@ckeditor/ckeditor5-editor-classic/-/ckeditor5-editor-classic-35.0.1.tgz",
      "integrity": "sha512-74fqF3ACRkFAd/sqQkG+Hq9zTXnBc1DlhQxGl6VRisuEbC9435qNucpEowxUb1DGeuvqv3tOzQbsJkbggx2NBQ==",
      "requires": {
        "ckeditor5": "^35.0.1",
        "lodash-es": "^4.17.15"
      }
    },
    "@ckeditor/ckeditor5-engine": {
      "version": "35.0.1",
      "resolved": "https://registry.npmjs.org/@ckeditor/ckeditor5-engine/-/ckeditor5-engine-35.0.1.tgz",
      "integrity": "sha512-Jz1sEBnFr06a1ezOqTbydClp9GgK/YL1CyvilCYIOoRiMevr1XMR3slsJCXC8AmHAcDn+PtxSniw+CREFZaTAA==",
      "requires": {
        "@ckeditor/ckeditor5-utils": "^35.0.1",
        "lodash-es": "^4.17.15"
      }
    },
    "@ckeditor/ckeditor5-enter": {
      "version": "35.0.1",
      "resolved": "https://registry.npmjs.org/@ckeditor/ckeditor5-enter/-/ckeditor5-enter-35.0.1.tgz",
      "integrity": "sha512-vNJzom2pSWyYrPk+VYjeSOBBeVI0B3P+DW1Vwyd3HfB1NKB7zU6T+7ByWwhvzdsv5xovzB+6X066lmUSV+W1fw==",
      "requires": {
        "@ckeditor/ckeditor5-core": "^35.0.1",
        "@ckeditor/ckeditor5-engine": "^35.0.1",
        "@ckeditor/ckeditor5-utils": "^35.0.1"
      }
    },
    "@ckeditor/ckeditor5-essentials": {
      "version": "35.0.1",
      "resolved": "https://registry.npmjs.org/@ckeditor/ckeditor5-essentials/-/ckeditor5-essentials-35.0.1.tgz",
      "integrity": "sha512-uHfup2e2tETnuvJmHgey/JAYMdeK9eIe5VW2Ah4Q8Ndiu/Buajf+PFYWRFrnC8psaYyE3+vdHRwxV3SD/yZeKQ==",
      "requires": {
        "ckeditor5": "^35.0.1"
      }
    },
    "@ckeditor/ckeditor5-heading": {
      "version": "35.0.1",
      "resolved": "https://registry.npmjs.org/@ckeditor/ckeditor5-heading/-/ckeditor5-heading-35.0.1.tgz",
      "integrity": "sha512-Rfc/Pa1EBQZIDFrLlL5HXx1gO3x0ZBq8DfeRlZ4Z6mRlOIzxU6Wj74qWsG6wauVJ1/KVVsghUN4zJ3U26SDaPQ==",
      "requires": {
        "ckeditor5": "^35.0.1"
      }
    },
    "@ckeditor/ckeditor5-image": {
      "version": "35.0.1",
      "resolved": "https://registry.npmjs.org/@ckeditor/ckeditor5-image/-/ckeditor5-image-35.0.1.tgz",
      "integrity": "sha512-DQWe8b+wwBkoyXcV16EeZc1+FWoEXQo+/0N5lI5P0g7YYGTak9IGio+yPppyILOeW+U+nXQ3ZYIhOQo+T+3FnA==",
      "requires": {
        "@ckeditor/ckeditor5-ui": "^35.0.1",
        "ckeditor5": "^35.0.1",
        "lodash-es": "^4.17.15"
      }
    },
    "@ckeditor/ckeditor5-indent": {
      "version": "35.0.1",
      "resolved": "https://registry.npmjs.org/@ckeditor/ckeditor5-indent/-/ckeditor5-indent-35.0.1.tgz",
      "integrity": "sha512-omD5EmhxAVLDRwSiq91NvNDkytF7RixyQrKOLH3XJ3W/ZtK++1fMBF5fyc0DdZdmTJX7B/8cA4paXfI8xNiEhg==",
      "requires": {
        "ckeditor5": "^35.0.1"
      }
    },
    "@ckeditor/ckeditor5-link": {
      "version": "35.0.1",
      "resolved": "https://registry.npmjs.org/@ckeditor/ckeditor5-link/-/ckeditor5-link-35.0.1.tgz",
      "integrity": "sha512-CJus1E3RvnkZ3VgEOsjYCvOePi/f+wlSZgRCrAD1IeUnjgzNMUMvAOO5QSeaR0CqqaBQcFoHRrVtCaBEIk21Yw==",
      "requires": {
        "@ckeditor/ckeditor5-ui": "^35.0.1",
        "ckeditor5": "^35.0.1",
        "lodash-es": "^4.17.15"
      }
    },
    "@ckeditor/ckeditor5-list": {
      "version": "35.0.1",
      "resolved": "https://registry.npmjs.org/@ckeditor/ckeditor5-list/-/ckeditor5-list-35.0.1.tgz",
      "integrity": "sha512-8JaM+GILlTnJvKRJVcm+L7Wxo1lC179no6lfBV5Kyh+PRIWLiQi6gjX12AzRtFgn/tr/VKzfAKGaxf3etFPsFQ==",
      "requires": {
        "@ckeditor/ckeditor5-ui": "^35.0.1",
        "ckeditor5": "^35.0.1"
      }
    },
    "@ckeditor/ckeditor5-media-embed": {
      "version": "35.0.1",
      "resolved": "https://registry.npmjs.org/@ckeditor/ckeditor5-media-embed/-/ckeditor5-media-embed-35.0.1.tgz",
      "integrity": "sha512-SIypYAgSmRURy4OkOyrcHsaK5FObFt4bEmRUXIlIXcHZAyi1qxUnHic3RcS6a4D1RbFPbKLwb1hCf3rLqJdB6g==",
      "requires": {
        "@ckeditor/ckeditor5-ui": "^35.0.1",
        "ckeditor5": "^35.0.1"
      }
    },
    "@ckeditor/ckeditor5-paragraph": {
      "version": "35.0.1",
      "resolved": "https://registry.npmjs.org/@ckeditor/ckeditor5-paragraph/-/ckeditor5-paragraph-35.0.1.tgz",
      "integrity": "sha512-Ga+LWrXKDg6OXyPxBIaemgEfAKJlE40155IKsaeBHYZEVkS7eoDyuB5I3wFsmi8MRDrLwg6GDrBJ8bo/tKqmTg==",
      "requires": {
        "@ckeditor/ckeditor5-core": "^35.0.1",
        "@ckeditor/ckeditor5-ui": "^35.0.1",
        "@ckeditor/ckeditor5-utils": "^35.0.1"
      }
    },
    "@ckeditor/ckeditor5-paste-from-office": {
      "version": "35.0.1",
      "resolved": "https://registry.npmjs.org/@ckeditor/ckeditor5-paste-from-office/-/ckeditor5-paste-from-office-35.0.1.tgz",
      "integrity": "sha512-Fib3mlaRdBTyItOkPsvYB+0jW6DzsOEQ3hDuaMmx1Fz0DYPRG/XRQKjLPJcFGXpzIs4EedYHCb9P2M0dLaL5Ww==",
      "requires": {
        "ckeditor5": "^35.0.1"
      }
    },
    "@ckeditor/ckeditor5-select-all": {
      "version": "35.0.1",
      "resolved": "https://registry.npmjs.org/@ckeditor/ckeditor5-select-all/-/ckeditor5-select-all-35.0.1.tgz",
      "integrity": "sha512-I7oPF3LjL7etN1sxtpTshu47BGz6CNYHlLWcvPtU5QB+xvildQU1c5HboReufooZpYb8N898Zi8tHcd4/ij/8w==",
      "requires": {
        "@ckeditor/ckeditor5-core": "^35.0.1",
        "@ckeditor/ckeditor5-ui": "^35.0.1",
        "@ckeditor/ckeditor5-utils": "^35.0.1"
      }
    },
    "@ckeditor/ckeditor5-table": {
      "version": "35.0.1",
      "resolved": "https://registry.npmjs.org/@ckeditor/ckeditor5-table/-/ckeditor5-table-35.0.1.tgz",
      "integrity": "sha512-XKZHGn/MbLfxIqdaVKD62DfOBUKPV0MlKhfpc941LENOb2qhqvmixhdlde7vVi+0k1HzumRj1BQFUOVvncAEiA==",
      "requires": {
        "ckeditor5": "^35.0.1",
        "lodash-es": "^4.17.15"
      }
    },
    "@ckeditor/ckeditor5-typing": {
      "version": "35.0.1",
      "resolved": "https://registry.npmjs.org/@ckeditor/ckeditor5-typing/-/ckeditor5-typing-35.0.1.tgz",
      "integrity": "sha512-Yj3f8nv+iXsTxmnlTjFUk+Xcvd9OvtkFqsEgYdRA79TO71Gaigm2CLmi60wf39MtXc/hPCjhPSdvSk01CsNmQQ==",
      "requires": {
        "@ckeditor/ckeditor5-core": "^35.0.1",
        "@ckeditor/ckeditor5-engine": "^35.0.1",
        "@ckeditor/ckeditor5-utils": "^35.0.1",
        "lodash-es": "^4.17.15"
      }
    },
    "@ckeditor/ckeditor5-ui": {
      "version": "35.0.1",
      "resolved": "https://registry.npmjs.org/@ckeditor/ckeditor5-ui/-/ckeditor5-ui-35.0.1.tgz",
      "integrity": "sha512-JFmHShOQ7tGDFKqH93Ba2U5sZQMOts0ho1OveHeaKpyG3mbsonBofWr/JacF/dpoNBi1pj8I7ssYR4bFVTwO+w==",
      "requires": {
        "@ckeditor/ckeditor5-core": "^35.0.1",
        "@ckeditor/ckeditor5-utils": "^35.0.1",
        "lodash-es": "^4.17.15"
      }
    },
    "@ckeditor/ckeditor5-undo": {
      "version": "35.0.1",
      "resolved": "https://registry.npmjs.org/@ckeditor/ckeditor5-undo/-/ckeditor5-undo-35.0.1.tgz",
      "integrity": "sha512-zmO4JXCSd9JMikvjDGSvD3a2dAnlvTWMk2D8PSx5tNTj+MBm6pAbhqimeVdCQheBpAFQjH56ywKFZcYXJsXukA==",
      "requires": {
        "@ckeditor/ckeditor5-core": "^35.0.1",
        "@ckeditor/ckeditor5-engine": "^35.0.1",
        "@ckeditor/ckeditor5-ui": "^35.0.1"
      }
    },
    "@ckeditor/ckeditor5-upload": {
      "version": "35.0.1",
      "resolved": "https://registry.npmjs.org/@ckeditor/ckeditor5-upload/-/ckeditor5-upload-35.0.1.tgz",
      "integrity": "sha512-h/a7KM/StexPhbwcdjoYz7pcU86QLhNUw9pNdogR4L4OXUeDd0c6V0YWqaqbMc3HtC+N2+5tePwiV4Aw0NalNg==",
      "requires": {
        "@ckeditor/ckeditor5-core": "^35.0.1",
        "@ckeditor/ckeditor5-ui": "^35.0.1",
        "@ckeditor/ckeditor5-utils": "^35.0.1"
      }
    },
    "@ckeditor/ckeditor5-utils": {
      "version": "35.0.1",
      "resolved": "https://registry.npmjs.org/@ckeditor/ckeditor5-utils/-/ckeditor5-utils-35.0.1.tgz",
      "integrity": "sha512-H0ec3f963FpLPuLb58p4RbzkgiOYYNk7goNF4XVROZ4Vjf2dcGLJCDhUSHRBwz3cRL/zZ8a/f7HX/PBpYmnWlw==",
      "requires": {
        "lodash-es": "^4.17.15"
      }
    },
    "@ckeditor/ckeditor5-widget": {
      "version": "35.0.1",
      "resolved": "https://registry.npmjs.org/@ckeditor/ckeditor5-widget/-/ckeditor5-widget-35.0.1.tgz",
      "integrity": "sha512-+XhPafSq/bRewa/cLddJGhon2lMsP9XuKsitSOogU0/LlyWNhyjcgUB2xPhGzfw5BO+CY1ptDBpgyw0lSxWOOw==",
      "requires": {
        "@ckeditor/ckeditor5-core": "^35.0.1",
        "@ckeditor/ckeditor5-engine": "^35.0.1",
        "@ckeditor/ckeditor5-enter": "^35.0.1",
        "@ckeditor/ckeditor5-typing": "^35.0.1",
        "@ckeditor/ckeditor5-ui": "^35.0.1",
        "@ckeditor/ckeditor5-utils": "^35.0.1",
        "lodash-es": "^4.17.15"
      }
    },
    "ckeditor5": {
      "version": "35.0.1",
      "resolved": "https://registry.npmjs.org/ckeditor5/-/ckeditor5-35.0.1.tgz",
      "integrity": "sha512-bJbD06JJAObH5vnCGQsmWkwgGKZluX0rILaZ47E/TBFLuUgEce0yTsmgGBcQUf0OQZ4IwoXt7vv+Y6zO1Ad86Q==",
      "requires": {
        "@ckeditor/ckeditor5-clipboard": "^35.0.1",
        "@ckeditor/ckeditor5-core": "^35.0.1",
        "@ckeditor/ckeditor5-engine": "^35.0.1",
        "@ckeditor/ckeditor5-enter": "^35.0.1",
        "@ckeditor/ckeditor5-paragraph": "^35.0.1",
        "@ckeditor/ckeditor5-select-all": "^35.0.1",
        "@ckeditor/ckeditor5-typing": "^35.0.1",
        "@ckeditor/ckeditor5-ui": "^35.0.1",
        "@ckeditor/ckeditor5-undo": "^35.0.1",
        "@ckeditor/ckeditor5-upload": "^35.0.1",
        "@ckeditor/ckeditor5-utils": "^35.0.1",
        "@ckeditor/ckeditor5-widget": "^35.0.1"
      }
    },
    "lodash-es": {
      "version": "4.17.21",
      "resolved": "https://registry.npmjs.org/lodash-es/-/lodash-es-4.17.21.tgz",
      "integrity": "sha512-mKnC+QJ9pWVzv+C4/U3rRsHapFfHvQFoFB92e52xeyGMcX6/OlIl78je1u8vePzYZSkkogMPJ2yjxxsb89cxyw=="
    },
    "preact": {
      "version": "10.10.6",
      "resolved": "https://registry.npmjs.org/preact/-/preact-10.10.6.tgz",
      "integrity": "sha512-w0mCL5vICUAZrh1DuHEdOWBjxdO62lvcO++jbzr8UhhYcTbFkpegLH9XX+7MadjTl/y0feoqwQ/zAnzkc/EGog=="
    },
    "react-phoenix": {
      "version": "0.0.0",
      "resolved": "https://registry.npmjs.org/react-phoenix/-/react-phoenix-0.0.0.tgz",
      "integrity": "sha512-Fu37eI+XJKkUFlzQG1Y8lubBzmfn5c+wVFQd5qfZif13nKum6FKllZlllzShL5UWsqD4HPsmzYxcz/fGQ82zAQ=="
    },
    "use-debounce": {
      "version": "8.0.3",
      "resolved": "https://registry.npmjs.org/use-debounce/-/use-debounce-8.0.3.tgz",
      "integrity": "sha512-BV7xuVy4LS0HtzHb23sDwAjfNjdBWlc4oyjJLcdCoVAjPv1+hroZYsCXX4VfRJT+8sLaqCftBOO8l7CMQtn9Gw=="
    }
  }
}
